// !$*UTF8*$!
{
	archiveVersion = 1;
	classes = {
	};
	objectVersion = 51;
	objects = {

/* Begin PBXBuildFile section */
		6B4531A824E760E2003EFB82 /* AppDelegate.swift in Sources */ = {isa = PBXBuildFile; fileRef = 6B4531A724E760E2003EFB82 /* AppDelegate.swift */; };
		6B4531AA24E760E2003EFB82 /* SceneDelegate.swift in Sources */ = {isa = PBXBuildFile; fileRef = 6B4531A924E760E2003EFB82 /* SceneDelegate.swift */; };
		6B4531AC24E760E2003EFB82 /* ViewController.swift in Sources */ = {isa = PBXBuildFile; fileRef = 6B4531AB24E760E2003EFB82 /* ViewController.swift */; };
		6B4531AF24E760E2003EFB82 /* Main.storyboard in Resources */ = {isa = PBXBuildFile; fileRef = 6B4531AD24E760E2003EFB82 /* Main.storyboard */; };
		6B4531B124E760E4003EFB82 /* Assets.xcassets in Resources */ = {isa = PBXBuildFile; fileRef = 6B4531B024E760E4003EFB82 /* Assets.xcassets */; };
		6B4531B424E760E4003EFB82 /* LaunchScreen.storyboard in Resources */ = {isa = PBXBuildFile; fileRef = 6B4531B224E760E4003EFB82 /* LaunchScreen.storyboard */; };
		6B6EFAA724E7ACFD002BCD74 /* StudyViewController.swift in Sources */ = {isa = PBXBuildFile; fileRef = 6B6EFAA624E7ACFD002BCD74 /* StudyViewController.swift */; };
		6B6EFAAA24E7BFF8002BCD74 /* Constants.swift in Sources */ = {isa = PBXBuildFile; fileRef = 6B6EFAA924E7BFF8002BCD74 /* Constants.swift */; };
		6B6EFAB724E7CA7C002BCD74 /* Subjects.swift in Sources */ = {isa = PBXBuildFile; fileRef = 6B6EFAB624E7CA7C002BCD74 /* Subjects.swift */; };
		6B6EFAC124E812E7002BCD74 /* MenuItemCell.swift in Sources */ = {isa = PBXBuildFile; fileRef = 6B6EFAC024E812E7002BCD74 /* MenuItemCell.swift */; };
		6B6EFAC324E82000002BCD74 /* UIViewController+Extension.swift in Sources */ = {isa = PBXBuildFile; fileRef = 6B6EFAC224E82000002BCD74 /* UIViewController+Extension.swift */; };
		6B6EFACB24E82320002BCD74 /* MoodViewController.swift in Sources */ = {isa = PBXBuildFile; fileRef = 6B6EFACA24E82320002BCD74 /* MoodViewController.swift */; };
		6B6EFACD24E823A5002BCD74 /* WelcomeViewController.swift in Sources */ = {isa = PBXBuildFile; fileRef = 6B6EFACC24E823A5002BCD74 /* WelcomeViewController.swift */; };
		6B6EFACF24E83955002BCD74 /* Helper.swift in Sources */ = {isa = PBXBuildFile; fileRef = 6B6EFACE24E83955002BCD74 /* Helper.swift */; };
		6B6EFAD124E89403002BCD74 /* Storage.swift in Sources */ = {isa = PBXBuildFile; fileRef = 6B6EFAD024E89403002BCD74 /* Storage.swift */; };
		6B9A926224E8B2AF00FD2926 /* EntryViewController.swift in Sources */ = {isa = PBXBuildFile; fileRef = 6B9A926024E8B2AF00FD2926 /* EntryViewController.swift */; };
		6B9A926324E8B2AF00FD2926 /* NoteViewController.swift in Sources */ = {isa = PBXBuildFile; fileRef = 6B9A926124E8B2AF00FD2926 /* NoteViewController.swift */; };
		6B9A926524E8B57900FD2926 /* Notes.storyboard in Resources */ = {isa = PBXBuildFile; fileRef = 6B9A926424E8B57900FD2926 /* Notes.storyboard */; };
		6B9A926724E8B58C00FD2926 /* NotesMainViewController.swift in Sources */ = {isa = PBXBuildFile; fileRef = 6B9A926624E8B58C00FD2926 /* NotesMainViewController.swift */; };
		6B9A926F24E8BF5F00FD2926 /* MasterViewController.swift in Sources */ = {isa = PBXBuildFile; fileRef = 6B9A926B24E8BF5E00FD2926 /* MasterViewController.swift */; };
		6B9A927024E8BF5F00FD2926 /* DetailViewController.swift in Sources */ = {isa = PBXBuildFile; fileRef = 6B9A926C24E8BF5E00FD2926 /* DetailViewController.swift */; };
		6B9A927124E8BF5F00FD2926 /* ReallySimpleNoteUITableViewCell.swift in Sources */ = {isa = PBXBuildFile; fileRef = 6B9A926D24E8BF5E00FD2926 /* ReallySimpleNoteUITableViewCell.swift */; };
		6B9A927224E8BF5F00FD2926 /* ReallySimpleNoteCreateChangeViewController.swift in Sources */ = {isa = PBXBuildFile; fileRef = 6B9A926E24E8BF5E00FD2926 /* ReallySimpleNoteCreateChangeViewController.swift */; };
		6B9A927524E8BF7C00FD2926 /* ReallySimpleNotesData.xcdatamodeld in Sources */ = {isa = PBXBuildFile; fileRef = 6B9A927324E8BF7C00FD2926 /* ReallySimpleNotesData.xcdatamodeld */; };
		6B9A927724E8BF8600FD2926 /* ReallySimpleNote.swift in Sources */ = {isa = PBXBuildFile; fileRef = 6B9A927624E8BF8600FD2926 /* ReallySimpleNote.swift */; };
		6B9A927924E8BF8D00FD2926 /* ReallySimpleNoteStorage.swift in Sources */ = {isa = PBXBuildFile; fileRef = 6B9A927824E8BF8D00FD2926 /* ReallySimpleNoteStorage.swift */; };
		6B9A927C24E8BF9900FD2926 /* ReallySimpleNoteCoreDataHelper.swift in Sources */ = {isa = PBXBuildFile; fileRef = 6B9A927A24E8BF9900FD2926 /* ReallySimpleNoteCoreDataHelper.swift */; };
		6B9A927D24E8BF9900FD2926 /* ReallySimpleNoteDateHelper.swift in Sources */ = {isa = PBXBuildFile; fileRef = 6B9A927B24E8BF9900FD2926 /* ReallySimpleNoteDateHelper.swift */; };
		6B9A927F24E8BFAD00FD2926 /* Mood.storyboard in Resources */ = {isa = PBXBuildFile; fileRef = 6B9A927E24E8BFAD00FD2926 /* Mood.storyboard */; };
		6BB9B78324E78F7B00CE0179 /* SWRevealViewController.m in Sources */ = {isa = PBXBuildFile; fileRef = 6BB9B78124E78F7B00CE0179 /* SWRevealViewController.m */; };
		6BB9B78524E7909800CE0179 /* HomeViewController.swift in Sources */ = {isa = PBXBuildFile; fileRef = 6BB9B78424E7909800CE0179 /* HomeViewController.swift */; };
		6BB9B78724E7936300CE0179 /* MenuViewController.swift in Sources */ = {isa = PBXBuildFile; fileRef = 6BB9B78624E7936300CE0179 /* MenuViewController.swift */; };
		7B656839E30544B2F4157C79 /* FSCalendar in Frameworks */ = {isa = PBXBuildFile; fileRef = 301122B6F5636FE346FC8740 /* FSCalendar */; };
		BEE250EED2A900373F875F75 /* Pods_TecHacks2020.framework in Frameworks */ = {isa = PBXBuildFile; fileRef = FEF947C33AA7D0CC6C16CF1D /* Pods_TecHacks2020.framework */; };
/* End PBXBuildFile section */

/* Begin PBXFileReference section */
		301122B6F5636FE346FC8740 /* FSCalendar */ = {isa = PBXFileReference; explicitFileType = wrapper.framework; includeInIndex = 0; name = FSCalendar; path = ../../../../../../../../Desktop/GitHub/TecHacks2020/Pods/FSCalendar/FSCalendar; sourceTree = BUILT_PRODUCTS_DIR; };
		42EC455029B54BCE8908C043 /* Pods-TecHacks2020.debug.xcconfig */ = {isa = PBXFileReference; includeInIndex = 1; lastKnownFileType = text.xcconfig; name = "Pods-TecHacks2020.debug.xcconfig"; path = "Target Support Files/Pods-TecHacks2020/Pods-TecHacks2020.debug.xcconfig"; sourceTree = "<group>"; };
		6B4531A424E760E2003EFB82 /* TecHacks2020.app */ = {isa = PBXFileReference; explicitFileType = wrapper.application; includeInIndex = 0; path = TecHacks2020.app; sourceTree = BUILT_PRODUCTS_DIR; };
		6B4531A724E760E2003EFB82 /* AppDelegate.swift */ = {isa = PBXFileReference; lastKnownFileType = sourcecode.swift; path = AppDelegate.swift; sourceTree = "<group>"; };
		6B4531A924E760E2003EFB82 /* SceneDelegate.swift */ = {isa = PBXFileReference; lastKnownFileType = sourcecode.swift; path = SceneDelegate.swift; sourceTree = "<group>"; };
		6B4531AB24E760E2003EFB82 /* ViewController.swift */ = {isa = PBXFileReference; lastKnownFileType = sourcecode.swift; path = ViewController.swift; sourceTree = "<group>"; };
		6B4531AE24E760E2003EFB82 /* Base */ = {isa = PBXFileReference; lastKnownFileType = file.storyboard; name = Base; path = Base.lproj/Main.storyboard; sourceTree = "<group>"; };
		6B4531B024E760E4003EFB82 /* Assets.xcassets */ = {isa = PBXFileReference; lastKnownFileType = folder.assetcatalog; path = Assets.xcassets; sourceTree = "<group>"; };
		6B4531B324E760E4003EFB82 /* Base */ = {isa = PBXFileReference; lastKnownFileType = file.storyboard; name = Base; path = Base.lproj/LaunchScreen.storyboard; sourceTree = "<group>"; };
		6B4531B524E760E4003EFB82 /* Info.plist */ = {isa = PBXFileReference; lastKnownFileType = text.plist.xml; path = Info.plist; sourceTree = "<group>"; };
		6B6EFAA624E7ACFD002BCD74 /* StudyViewController.swift */ = {isa = PBXFileReference; lastKnownFileType = sourcecode.swift; path = StudyViewController.swift; sourceTree = "<group>"; };
		6B6EFAA924E7BFF8002BCD74 /* Constants.swift */ = {isa = PBXFileReference; lastKnownFileType = sourcecode.swift; path = Constants.swift; sourceTree = "<group>"; };
		6B6EFAB624E7CA7C002BCD74 /* Subjects.swift */ = {isa = PBXFileReference; lastKnownFileType = sourcecode.swift; path = Subjects.swift; sourceTree = "<group>"; };
		6B6EFAC024E812E7002BCD74 /* MenuItemCell.swift */ = {isa = PBXFileReference; lastKnownFileType = sourcecode.swift; path = MenuItemCell.swift; sourceTree = "<group>"; };
		6B6EFAC224E82000002BCD74 /* UIViewController+Extension.swift */ = {isa = PBXFileReference; lastKnownFileType = sourcecode.swift; path = "UIViewController+Extension.swift"; sourceTree = "<group>"; };
		6B6EFACA24E82320002BCD74 /* MoodViewController.swift */ = {isa = PBXFileReference; lastKnownFileType = sourcecode.swift; path = MoodViewController.swift; sourceTree = "<group>"; };
		6B6EFACC24E823A5002BCD74 /* WelcomeViewController.swift */ = {isa = PBXFileReference; lastKnownFileType = sourcecode.swift; path = WelcomeViewController.swift; sourceTree = "<group>"; };
		6B6EFACE24E83955002BCD74 /* Helper.swift */ = {isa = PBXFileReference; lastKnownFileType = sourcecode.swift; path = Helper.swift; sourceTree = "<group>"; };
		6B6EFAD024E89403002BCD74 /* Storage.swift */ = {isa = PBXFileReference; lastKnownFileType = sourcecode.swift; path = Storage.swift; sourceTree = "<group>"; };
		6B9A926024E8B2AF00FD2926 /* EntryViewController.swift */ = {isa = PBXFileReference; fileEncoding = 4; lastKnownFileType = sourcecode.swift; path = EntryViewController.swift; sourceTree = "<group>"; };
		6B9A926124E8B2AF00FD2926 /* NoteViewController.swift */ = {isa = PBXFileReference; fileEncoding = 4; lastKnownFileType = sourcecode.swift; path = NoteViewController.swift; sourceTree = "<group>"; };
		6B9A926424E8B57900FD2926 /* Notes.storyboard */ = {isa = PBXFileReference; fileEncoding = 4; lastKnownFileType = file.storyboard; path = Notes.storyboard; sourceTree = "<group>"; };
		6B9A926624E8B58C00FD2926 /* NotesMainViewController.swift */ = {isa = PBXFileReference; fileEncoding = 4; lastKnownFileType = sourcecode.swift; path = NotesMainViewController.swift; sourceTree = "<group>"; };
		6B9A926B24E8BF5E00FD2926 /* MasterViewController.swift */ = {isa = PBXFileReference; fileEncoding = 4; lastKnownFileType = sourcecode.swift; path = MasterViewController.swift; sourceTree = "<group>"; };
		6B9A926C24E8BF5E00FD2926 /* DetailViewController.swift */ = {isa = PBXFileReference; fileEncoding = 4; lastKnownFileType = sourcecode.swift; path = DetailViewController.swift; sourceTree = "<group>"; };
		6B9A926D24E8BF5E00FD2926 /* ReallySimpleNoteUITableViewCell.swift */ = {isa = PBXFileReference; fileEncoding = 4; lastKnownFileType = sourcecode.swift; path = ReallySimpleNoteUITableViewCell.swift; sourceTree = "<group>"; };
		6B9A926E24E8BF5E00FD2926 /* ReallySimpleNoteCreateChangeViewController.swift */ = {isa = PBXFileReference; fileEncoding = 4; lastKnownFileType = sourcecode.swift; path = ReallySimpleNoteCreateChangeViewController.swift; sourceTree = "<group>"; };
		6B9A927424E8BF7C00FD2926 /* ReallySimpleNotesData.xcdatamodel */ = {isa = PBXFileReference; lastKnownFileType = wrapper.xcdatamodel; path = ReallySimpleNotesData.xcdatamodel; sourceTree = "<group>"; };
		6B9A927624E8BF8600FD2926 /* ReallySimpleNote.swift */ = {isa = PBXFileReference; fileEncoding = 4; lastKnownFileType = sourcecode.swift; path = ReallySimpleNote.swift; sourceTree = "<group>"; };
		6B9A927824E8BF8D00FD2926 /* ReallySimpleNoteStorage.swift */ = {isa = PBXFileReference; fileEncoding = 4; lastKnownFileType = sourcecode.swift; path = ReallySimpleNoteStorage.swift; sourceTree = "<group>"; };
		6B9A927A24E8BF9900FD2926 /* ReallySimpleNoteCoreDataHelper.swift */ = {isa = PBXFileReference; fileEncoding = 4; lastKnownFileType = sourcecode.swift; path = ReallySimpleNoteCoreDataHelper.swift; sourceTree = "<group>"; };
		6B9A927B24E8BF9900FD2926 /* ReallySimpleNoteDateHelper.swift */ = {isa = PBXFileReference; fileEncoding = 4; lastKnownFileType = sourcecode.swift; path = ReallySimpleNoteDateHelper.swift; sourceTree = "<group>"; };
		6B9A927E24E8BFAD00FD2926 /* Mood.storyboard */ = {isa = PBXFileReference; fileEncoding = 4; lastKnownFileType = file.storyboard; path = Mood.storyboard; sourceTree = "<group>"; };
		6BB9B78024E78F7A00CE0179 /* TecHacks2020-Bridging-Header.h */ = {isa = PBXFileReference; lastKnownFileType = sourcecode.c.h; path = "TecHacks2020-Bridging-Header.h"; sourceTree = "<group>"; };
		6BB9B78124E78F7B00CE0179 /* SWRevealViewController.m */ = {isa = PBXFileReference; fileEncoding = 4; lastKnownFileType = sourcecode.c.objc; path = SWRevealViewController.m; sourceTree = "<group>"; };
		6BB9B78224E78F7B00CE0179 /* SWRevealViewController.h */ = {isa = PBXFileReference; fileEncoding = 4; lastKnownFileType = sourcecode.c.h; path = SWRevealViewController.h; sourceTree = "<group>"; };
		6BB9B78424E7909800CE0179 /* HomeViewController.swift */ = {isa = PBXFileReference; lastKnownFileType = sourcecode.swift; path = HomeViewController.swift; sourceTree = "<group>"; };
		6BB9B78624E7936300CE0179 /* MenuViewController.swift */ = {isa = PBXFileReference; lastKnownFileType = sourcecode.swift; path = MenuViewController.swift; sourceTree = "<group>"; };
		C3E3DA0E53C2C10CED12E80F /* Pods-TecHacks2020.release.xcconfig */ = {isa = PBXFileReference; includeInIndex = 1; lastKnownFileType = text.xcconfig; name = "Pods-TecHacks2020.release.xcconfig"; path = "Target Support Files/Pods-TecHacks2020/Pods-TecHacks2020.release.xcconfig"; sourceTree = "<group>"; };
		FEF947C33AA7D0CC6C16CF1D /* Pods_TecHacks2020.framework */ = {isa = PBXFileReference; explicitFileType = wrapper.framework; includeInIndex = 0; path = Pods_TecHacks2020.framework; sourceTree = BUILT_PRODUCTS_DIR; };
/* End PBXFileReference section */

/* Begin PBXFrameworksBuildPhase section */
		6B4531A124E760E2003EFB82 /* Frameworks */ = {
			isa = PBXFrameworksBuildPhase;
			buildActionMask = 2147483647;
			files = (
				7B656839E30544B2F4157C79 /* FSCalendar in Frameworks */,
				BEE250EED2A900373F875F75 /* Pods_TecHacks2020.framework in Frameworks */,
			);
			runOnlyForDeploymentPostprocessing = 0;
		};
/* End PBXFrameworksBuildPhase section */

/* Begin PBXGroup section */
		258EB924DD5EF7217968036A /* Pods */ = {
			isa = PBXGroup;
			children = (
				42EC455029B54BCE8908C043 /* Pods-TecHacks2020.debug.xcconfig */,
				C3E3DA0E53C2C10CED12E80F /* Pods-TecHacks2020.release.xcconfig */,
			);
			path = Pods;
			sourceTree = "<group>";
		};
		62F65B05FA4A916FD68BEDEA /* Frameworks */ = {
			isa = PBXGroup;
			children = (
				301122B6F5636FE346FC8740 /* FSCalendar */,
				FEF947C33AA7D0CC6C16CF1D /* Pods_TecHacks2020.framework */,
			);
			name = Frameworks;
			sourceTree = "<group>";
		};
		6B45319B24E760E2003EFB82 = {
			isa = PBXGroup;
			children = (
				6B4531A624E760E2003EFB82 /* TecHacks2020 */,
				6B4531A524E760E2003EFB82 /* Products */,
				258EB924DD5EF7217968036A /* Pods */,
				62F65B05FA4A916FD68BEDEA /* Frameworks */,
			);
			sourceTree = "<group>";
		};
		6B4531A524E760E2003EFB82 /* Products */ = {
			isa = PBXGroup;
			children = (
				6B4531A424E760E2003EFB82 /* TecHacks2020.app */,
			);
			name = Products;
			sourceTree = "<group>";
		};
		6B4531A624E760E2003EFB82 /* TecHacks2020 */ = {
			isa = PBXGroup;
			children = (
				6BB9B77E24E78F4B00CE0179 /* Libraries */,
				6B4531A724E760E2003EFB82 /* AppDelegate.swift */,
				6B4531A924E760E2003EFB82 /* SceneDelegate.swift */,
				6B4531AB24E760E2003EFB82 /* ViewController.swift */,
				6B4531AD24E760E2003EFB82 /* Main.storyboard */,
				6B4531B024E760E4003EFB82 /* Assets.xcassets */,
				6B4531B224E760E4003EFB82 /* LaunchScreen.storyboard */,
				6B4531B524E760E4003EFB82 /* Info.plist */,
				6B6EFACC24E823A5002BCD74 /* WelcomeViewController.swift */,
				6BB9B78424E7909800CE0179 /* HomeViewController.swift */,
				6B6EFAA624E7ACFD002BCD74 /* StudyViewController.swift */,
				6B6EFAD024E89403002BCD74 /* Storage.swift */,
				6B6EFACE24E83955002BCD74 /* Helper.swift */,
				6B6EFACA24E82320002BCD74 /* MoodViewController.swift */,
				6B9A926A24E8BF3B00FD2926 /* Mood */,
				6B9A925D24E8B23A00FD2926 /* Notes */,
				6B6EFAAB24E7C091002BCD74 /* Menu */,
				6BB9B78624E7936300CE0179 /* MenuViewController.swift */,
				6B6EFAC024E812E7002BCD74 /* MenuItemCell.swift */,
				6B6EFAC224E82000002BCD74 /* UIViewController+Extension.swift */,
			);
			path = TecHacks2020;
			sourceTree = "<group>";
		};
		6B6EFAA824E7B9C1002BCD74 /* Preview Content */ = {
			isa = PBXGroup;
			children = (
			);
			path = "Preview Content";
			sourceTree = "<group>";
		};
		6B6EFAAB24E7C091002BCD74 /* Menu */ = {
			isa = PBXGroup;
			children = (
				6B6EFAA924E7BFF8002BCD74 /* Constants.swift */,
				6B6EFAB624E7CA7C002BCD74 /* Subjects.swift */,
			);
			path = Menu;
			sourceTree = "<group>";
		};
		6B9A925D24E8B23A00FD2926 /* Notes */ = {
			isa = PBXGroup;
			children = (
				6B9A926424E8B57900FD2926 /* Notes.storyboard */,
				6B9A926624E8B58C00FD2926 /* NotesMainViewController.swift */,
				6B9A926024E8B2AF00FD2926 /* EntryViewController.swift */,
				6B9A926124E8B2AF00FD2926 /* NoteViewController.swift */,
			);
			path = Notes;
			sourceTree = "<group>";
		};
		6B9A926A24E8BF3B00FD2926 /* Mood */ = {
			isa = PBXGroup;
			children = (
				6B9A927324E8BF7C00FD2926 /* ReallySimpleNotesData.xcdatamodeld */,
				6B9A927E24E8BFAD00FD2926 /* Mood.storyboard */,
				6B9A927624E8BF8600FD2926 /* ReallySimpleNote.swift */,
				6B9A927824E8BF8D00FD2926 /* ReallySimpleNoteStorage.swift */,
				6B9A927A24E8BF9900FD2926 /* ReallySimpleNoteCoreDataHelper.swift */,
				6B9A927B24E8BF9900FD2926 /* ReallySimpleNoteDateHelper.swift */,
				6B9A926D24E8BF5E00FD2926 /* ReallySimpleNoteUITableViewCell.swift */,
				6B9A926B24E8BF5E00FD2926 /* MasterViewController.swift */,
				6B9A926C24E8BF5E00FD2926 /* DetailViewController.swift */,
				6B9A926E24E8BF5E00FD2926 /* ReallySimpleNoteCreateChangeViewController.swift */,
			);
			path = Mood;
			sourceTree = "<group>";
		};
		6BB9B77E24E78F4B00CE0179 /* Libraries */ = {
			isa = PBXGroup;
			children = (
				6B6EFAA824E7B9C1002BCD74 /* Preview Content */,
				6BB9B77F24E78F5900CE0179 /* SWRevealViewController */,
			);
			path = Libraries;
			sourceTree = "<group>";
		};
		6BB9B77F24E78F5900CE0179 /* SWRevealViewController */ = {
			isa = PBXGroup;
			children = (
				6BB9B78224E78F7B00CE0179 /* SWRevealViewController.h */,
				6BB9B78124E78F7B00CE0179 /* SWRevealViewController.m */,
				6BB9B78024E78F7A00CE0179 /* TecHacks2020-Bridging-Header.h */,
			);
			path = SWRevealViewController;
			sourceTree = "<group>";
		};
/* End PBXGroup section */

/* Begin PBXNativeTarget section */
		6B4531A324E760E2003EFB82 /* TecHacks2020 */ = {
			isa = PBXNativeTarget;
			buildConfigurationList = 6B4531B824E760E4003EFB82 /* Build configuration list for PBXNativeTarget "TecHacks2020" */;
			buildPhases = (
				E98B6CAB5D9400E58709886F /* [CP] Check Pods Manifest.lock */,
				6B4531A024E760E2003EFB82 /* Sources */,
				6B4531A124E760E2003EFB82 /* Frameworks */,
				6B4531A224E760E2003EFB82 /* Resources */,
				FD08EC58CCD99362B80C42B4 /* [CP] Embed Pods Frameworks */,
			);
			buildRules = (
			);
			dependencies = (
			);
			name = TecHacks2020;
			productName = TecHacks2020;
			productReference = 6B4531A424E760E2003EFB82 /* TecHacks2020.app */;
			productType = "com.apple.product-type.application";
		};
/* End PBXNativeTarget section */

/* Begin PBXProject section */
		6B45319C24E760E2003EFB82 /* Project object */ = {
			isa = PBXProject;
			attributes = {
				LastSwiftUpdateCheck = 1140;
				LastUpgradeCheck = 1140;
				ORGANIZATIONNAME = "Angela Du";
				TargetAttributes = {
					6B4531A324E760E2003EFB82 = {
						CreatedOnToolsVersion = 11.4.1;
						LastSwiftMigration = 1140;
					};
				};
			};
			buildConfigurationList = 6B45319F24E760E2003EFB82 /* Build configuration list for PBXProject "TecHacks2020" */;
			compatibilityVersion = "Xcode 9.3";
			developmentRegion = en;
			hasScannedForEncodings = 0;
			knownRegions = (
				en,
				Base,
			);
			mainGroup = 6B45319B24E760E2003EFB82;
			productRefGroup = 6B4531A524E760E2003EFB82 /* Products */;
			projectDirPath = "";
			projectRoot = "";
			targets = (
				6B4531A324E760E2003EFB82 /* TecHacks2020 */,
			);
		};
/* End PBXProject section */

/* Begin PBXResourcesBuildPhase section */
		6B4531A224E760E2003EFB82 /* Resources */ = {
			isa = PBXResourcesBuildPhase;
			buildActionMask = 2147483647;
			files = (
				6B9A926524E8B57900FD2926 /* Notes.storyboard in Resources */,
				6B9A927F24E8BFAD00FD2926 /* Mood.storyboard in Resources */,
				6B4531B424E760E4003EFB82 /* LaunchScreen.storyboard in Resources */,
				6B4531B124E760E4003EFB82 /* Assets.xcassets in Resources */,
				6B4531AF24E760E2003EFB82 /* Main.storyboard in Resources */,
			);
			runOnlyForDeploymentPostprocessing = 0;
		};
/* End PBXResourcesBuildPhase section */

/* Begin PBXShellScriptBuildPhase section */
		E98B6CAB5D9400E58709886F /* [CP] Check Pods Manifest.lock */ = {
			isa = PBXShellScriptBuildPhase;
			buildActionMask = 2147483647;
			files = (
			);
			inputFileListPaths = (
			);
			inputPaths = (
				"${PODS_PODFILE_DIR_PATH}/Podfile.lock",
				"${PODS_ROOT}/Manifest.lock",
			);
			name = "[CP] Check Pods Manifest.lock";
			outputFileListPaths = (
			);
			outputPaths = (
				"$(DERIVED_FILE_DIR)/Pods-TecHacks2020-checkManifestLockResult.txt",
			);
			runOnlyForDeploymentPostprocessing = 0;
			shellPath = /bin/sh;
			shellScript = "diff \"${PODS_PODFILE_DIR_PATH}/Podfile.lock\" \"${PODS_ROOT}/Manifest.lock\" > /dev/null\nif [ $? != 0 ] ; then\n    # print error to STDERR\n    echo \"error: The sandbox is not in sync with the Podfile.lock. Run 'pod install' or update your CocoaPods installation.\" >&2\n    exit 1\nfi\n# This output is used by Xcode 'outputs' to avoid re-running this script phase.\necho \"SUCCESS\" > \"${SCRIPT_OUTPUT_FILE_0}\"\n";
			showEnvVarsInLog = 0;
		};
		FD08EC58CCD99362B80C42B4 /* [CP] Embed Pods Frameworks */ = {
			isa = PBXShellScriptBuildPhase;
			buildActionMask = 2147483647;
			files = (
			);
			inputFileListPaths = (
				"${PODS_ROOT}/Target Support Files/Pods-TecHacks2020/Pods-TecHacks2020-frameworks-${CONFIGURATION}-input-files.xcfilelist",
			);
			name = "[CP] Embed Pods Frameworks";
			outputFileListPaths = (
				"${PODS_ROOT}/Target Support Files/Pods-TecHacks2020/Pods-TecHacks2020-frameworks-${CONFIGURATION}-output-files.xcfilelist",
			);
			runOnlyForDeploymentPostprocessing = 0;
			shellPath = /bin/sh;
			shellScript = "\"${PODS_ROOT}/Target Support Files/Pods-TecHacks2020/Pods-TecHacks2020-frameworks.sh\"\n";
			showEnvVarsInLog = 0;
		};
/* End PBXShellScriptBuildPhase section */

/* Begin PBXSourcesBuildPhase section */
		6B4531A024E760E2003EFB82 /* Sources */ = {
			isa = PBXSourcesBuildPhase;
			buildActionMask = 2147483647;
			files = (
				6B9A927724E8BF8600FD2926 /* ReallySimpleNote.swift in Sources */,
				6B9A926F24E8BF5F00FD2926 /* MasterViewController.swift in Sources */,
				6B6EFAC324E82000002BCD74 /* UIViewController+Extension.swift in Sources */,
				6B6EFAB724E7CA7C002BCD74 /* Subjects.swift in Sources */,
				6B6EFACF24E83955002BCD74 /* Helper.swift in Sources */,
				6B6EFAC124E812E7002BCD74 /* MenuItemCell.swift in Sources */,
				6B9A927024E8BF5F00FD2926 /* DetailViewController.swift in Sources */,
				6B9A926224E8B2AF00FD2926 /* EntryViewController.swift in Sources */,
				6B9A927224E8BF5F00FD2926 /* ReallySimpleNoteCreateChangeViewController.swift in Sources */,
				6BB9B78524E7909800CE0179 /* HomeViewController.swift in Sources */,
				6B4531AC24E760E2003EFB82 /* ViewController.swift in Sources */,
				6B6EFAA724E7ACFD002BCD74 /* StudyViewController.swift in Sources */,
				6B4531A824E760E2003EFB82 /* AppDelegate.swift in Sources */,
				6B9A926724E8B58C00FD2926 /* NotesMainViewController.swift in Sources */,
				6B4531AA24E760E2003EFB82 /* SceneDelegate.swift in Sources */,
				6B6EFACB24E82320002BCD74 /* MoodViewController.swift in Sources */,
				6B9A927524E8BF7C00FD2926 /* ReallySimpleNotesData.xcdatamodeld in Sources */,
				6BB9B78724E7936300CE0179 /* MenuViewController.swift in Sources */,
				6BB9B78324E78F7B00CE0179 /* SWRevealViewController.m in Sources */,
				6B9A927D24E8BF9900FD2926 /* ReallySimpleNoteDateHelper.swift in Sources */,
				6B9A927924E8BF8D00FD2926 /* ReallySimpleNoteStorage.swift in Sources */,
				6B6EFAD124E89403002BCD74 /* Storage.swift in Sources */,
				6B9A927124E8BF5F00FD2926 /* ReallySimpleNoteUITableViewCell.swift in Sources */,
				6B9A926324E8B2AF00FD2926 /* NoteViewController.swift in Sources */,
				6B9A927C24E8BF9900FD2926 /* ReallySimpleNoteCoreDataHelper.swift in Sources */,
				6B6EFAAA24E7BFF8002BCD74 /* Constants.swift in Sources */,
				6B6EFACD24E823A5002BCD74 /* WelcomeViewController.swift in Sources */,
			);
			runOnlyForDeploymentPostprocessing = 0;
		};
/* End PBXSourcesBuildPhase section */

/* Begin PBXVariantGroup section */
		6B4531AD24E760E2003EFB82 /* Main.storyboard */ = {
			isa = PBXVariantGroup;
			children = (
				6B4531AE24E760E2003EFB82 /* Base */,
			);
			name = Main.storyboard;
			sourceTree = "<group>";
		};
		6B4531B224E760E4003EFB82 /* LaunchScreen.storyboard */ = {
			isa = PBXVariantGroup;
			children = (
				6B4531B324E760E4003EFB82 /* Base */,
			);
			name = LaunchScreen.storyboard;
			sourceTree = "<group>";
		};
/* End PBXVariantGroup section */

/* Begin XCBuildConfiguration section */
		6B4531B624E760E4003EFB82 /* Debug */ = {
			isa = XCBuildConfiguration;
			buildSettings = {
				ALWAYS_SEARCH_USER_PATHS = NO;
				CLANG_ANALYZER_NONNULL = YES;
				CLANG_ANALYZER_NUMBER_OBJECT_CONVERSION = YES_AGGRESSIVE;
				CLANG_CXX_LANGUAGE_STANDARD = "gnu++14";
				CLANG_CXX_LIBRARY = "libc++";
				CLANG_ENABLE_MODULES = YES;
				CLANG_ENABLE_OBJC_ARC = YES;
				CLANG_ENABLE_OBJC_WEAK = YES;
				CLANG_WARN_BLOCK_CAPTURE_AUTORELEASING = YES;
				CLANG_WARN_BOOL_CONVERSION = YES;
				CLANG_WARN_COMMA = YES;
				CLANG_WARN_CONSTANT_CONVERSION = YES;
				CLANG_WARN_DEPRECATED_OBJC_IMPLEMENTATIONS = YES;
				CLANG_WARN_DIRECT_OBJC_ISA_USAGE = YES_ERROR;
				CLANG_WARN_DOCUMENTATION_COMMENTS = YES;
				CLANG_WARN_EMPTY_BODY = YES;
				CLANG_WARN_ENUM_CONVERSION = YES;
				CLANG_WARN_INFINITE_RECURSION = YES;
				CLANG_WARN_INT_CONVERSION = YES;
				CLANG_WARN_NON_LITERAL_NULL_CONVERSION = YES;
				CLANG_WARN_OBJC_IMPLICIT_RETAIN_SELF = YES;
				CLANG_WARN_OBJC_LITERAL_CONVERSION = YES;
				CLANG_WARN_OBJC_ROOT_CLASS = YES_ERROR;
				CLANG_WARN_RANGE_LOOP_ANALYSIS = YES;
				CLANG_WARN_STRICT_PROTOTYPES = YES;
				CLANG_WARN_SUSPICIOUS_MOVE = YES;
				CLANG_WARN_UNGUARDED_AVAILABILITY = YES_AGGRESSIVE;
				CLANG_WARN_UNREACHABLE_CODE = YES;
				CLANG_WARN__DUPLICATE_METHOD_MATCH = YES;
				COPY_PHASE_STRIP = NO;
				DEBUG_INFORMATION_FORMAT = dwarf;
				ENABLE_STRICT_OBJC_MSGSEND = YES;
				ENABLE_TESTABILITY = YES;
				GCC_C_LANGUAGE_STANDARD = gnu11;
				GCC_DYNAMIC_NO_PIC = NO;
				GCC_NO_COMMON_BLOCKS = YES;
				GCC_OPTIMIZATION_LEVEL = 0;
				GCC_PREPROCESSOR_DEFINITIONS = (
					"DEBUG=1",
					"$(inherited)",
				);
				GCC_WARN_64_TO_32_BIT_CONVERSION = YES;
				GCC_WARN_ABOUT_RETURN_TYPE = YES_ERROR;
				GCC_WARN_UNDECLARED_SELECTOR = YES;
				GCC_WARN_UNINITIALIZED_AUTOS = YES_AGGRESSIVE;
				GCC_WARN_UNUSED_FUNCTION = YES;
				GCC_WARN_UNUSED_VARIABLE = YES;
				IPHONEOS_DEPLOYMENT_TARGET = 13.4;
				MTL_ENABLE_DEBUG_INFO = INCLUDE_SOURCE;
				MTL_FAST_MATH = YES;
				ONLY_ACTIVE_ARCH = YES;
				SDKROOT = iphoneos;
				SWIFT_ACTIVE_COMPILATION_CONDITIONS = DEBUG;
				SWIFT_OPTIMIZATION_LEVEL = "-Onone";
			};
			name = Debug;
		};
		6B4531B724E760E4003EFB82 /* Release */ = {
			isa = XCBuildConfiguration;
			buildSettings = {
				ALWAYS_SEARCH_USER_PATHS = NO;
				CLANG_ANALYZER_NONNULL = YES;
				CLANG_ANALYZER_NUMBER_OBJECT_CONVERSION = YES_AGGRESSIVE;
				CLANG_CXX_LANGUAGE_STANDARD = "gnu++14";
				CLANG_CXX_LIBRARY = "libc++";
				CLANG_ENABLE_MODULES = YES;
				CLANG_ENABLE_OBJC_ARC = YES;
				CLANG_ENABLE_OBJC_WEAK = YES;
				CLANG_WARN_BLOCK_CAPTURE_AUTORELEASING = YES;
				CLANG_WARN_BOOL_CONVERSION = YES;
				CLANG_WARN_COMMA = YES;
				CLANG_WARN_CONSTANT_CONVERSION = YES;
				CLANG_WARN_DEPRECATED_OBJC_IMPLEMENTATIONS = YES;
				CLANG_WARN_DIRECT_OBJC_ISA_USAGE = YES_ERROR;
				CLANG_WARN_DOCUMENTATION_COMMENTS = YES;
				CLANG_WARN_EMPTY_BODY = YES;
				CLANG_WARN_ENUM_CONVERSION = YES;
				CLANG_WARN_INFINITE_RECURSION = YES;
				CLANG_WARN_INT_CONVERSION = YES;
				CLANG_WARN_NON_LITERAL_NULL_CONVERSION = YES;
				CLANG_WARN_OBJC_IMPLICIT_RETAIN_SELF = YES;
				CLANG_WARN_OBJC_LITERAL_CONVERSION = YES;
				CLANG_WARN_OBJC_ROOT_CLASS = YES_ERROR;
				CLANG_WARN_RANGE_LOOP_ANALYSIS = YES;
				CLANG_WARN_STRICT_PROTOTYPES = YES;
				CLANG_WARN_SUSPICIOUS_MOVE = YES;
				CLANG_WARN_UNGUARDED_AVAILABILITY = YES_AGGRESSIVE;
				CLANG_WARN_UNREACHABLE_CODE = YES;
				CLANG_WARN__DUPLICATE_METHOD_MATCH = YES;
				COPY_PHASE_STRIP = NO;
				DEBUG_INFORMATION_FORMAT = "dwarf-with-dsym";
				ENABLE_NS_ASSERTIONS = NO;
				ENABLE_STRICT_OBJC_MSGSEND = YES;
				GCC_C_LANGUAGE_STANDARD = gnu11;
				GCC_NO_COMMON_BLOCKS = YES;
				GCC_WARN_64_TO_32_BIT_CONVERSION = YES;
				GCC_WARN_ABOUT_RETURN_TYPE = YES_ERROR;
				GCC_WARN_UNDECLARED_SELECTOR = YES;
				GCC_WARN_UNINITIALIZED_AUTOS = YES_AGGRESSIVE;
				GCC_WARN_UNUSED_FUNCTION = YES;
				GCC_WARN_UNUSED_VARIABLE = YES;
				IPHONEOS_DEPLOYMENT_TARGET = 13.4;
				MTL_ENABLE_DEBUG_INFO = NO;
				MTL_FAST_MATH = YES;
				SDKROOT = iphoneos;
				SWIFT_COMPILATION_MODE = wholemodule;
				SWIFT_OPTIMIZATION_LEVEL = "-O";
				VALIDATE_PRODUCT = YES;
			};
			name = Release;
		};
		6B4531B924E760E4003EFB82 /* Debug */ = {
			isa = XCBuildConfiguration;
			baseConfigurationReference = 42EC455029B54BCE8908C043 /* Pods-TecHacks2020.debug.xcconfig */;
			buildSettings = {
				ASSETCATALOG_COMPILER_APPICON_NAME = AppIcon;
				CLANG_ENABLE_MODULES = YES;
				CODE_SIGN_STYLE = Automatic;
				DEVELOPMENT_TEAM = D6AW5B7TQK;
				INFOPLIST_FILE = TecHacks2020/Info.plist;
				LD_RUNPATH_SEARCH_PATHS = (
					"$(inherited)",
					"@executable_path/Frameworks",
				);
				PRODUCT_BUNDLE_IDENTIFIER = com.techacks2020.TecHacks2020;
				PRODUCT_NAME = "$(TARGET_NAME)";
				SWIFT_OBJC_BRIDGING_HEADER = "TecHacks2020/Libraries/SWRevealViewController/TecHacks2020-Bridging-Header.h";
				SWIFT_OPTIMIZATION_LEVEL = "-Onone";
				SWIFT_VERSION = 5.0;
				TARGETED_DEVICE_FAMILY = "1,2";
			};
			name = Debug;
		};
		6B4531BA24E760E4003EFB82 /* Release */ = {
			isa = XCBuildConfiguration;
			baseConfigurationReference = C3E3DA0E53C2C10CED12E80F /* Pods-TecHacks2020.release.xcconfig */;
			buildSettings = {
				ASSETCATALOG_COMPILER_APPICON_NAME = AppIcon;
				CLANG_ENABLE_MODULES = YES;
				CODE_SIGN_STYLE = Automatic;
				DEVELOPMENT_TEAM = D6AW5B7TQK;
				INFOPLIST_FILE = TecHacks2020/Info.plist;
				LD_RUNPATH_SEARCH_PATHS = (
					"$(inherited)",
					"@executable_path/Frameworks",
				);
				PRODUCT_BUNDLE_IDENTIFIER = com.techacks2020.TecHacks2020;
				PRODUCT_NAME = "$(TARGET_NAME)";
				SWIFT_OBJC_BRIDGING_HEADER = "TecHacks2020/Libraries/SWRevealViewController/TecHacks2020-Bridging-Header.h";
				SWIFT_VERSION = 5.0;
				TARGETED_DEVICE_FAMILY = "1,2";
			};
			name = Release;
		};
/* End XCBuildConfiguration section */

/* Begin XCConfigurationList section */
		6B45319F24E760E2003EFB82 /* Build configuration list for PBXProject "TecHacks2020" */ = {
			isa = XCConfigurationList;
			buildConfigurations = (
				6B4531B624E760E4003EFB82 /* Debug */,
				6B4531B724E760E4003EFB82 /* Release */,
			);
			defaultConfigurationIsVisible = 0;
			defaultConfigurationName = Release;
		};
		6B4531B824E760E4003EFB82 /* Build configuration list for PBXNativeTarget "TecHacks2020" */ = {
			isa = XCConfigurationList;
			buildConfigurations = (
				6B4531B924E760E4003EFB82 /* Debug */,
				6B4531BA24E760E4003EFB82 /* Release */,
			);
			defaultConfigurationIsVisible = 0;
			defaultConfigurationName = Release;
		};
/* End XCConfigurationList section */

/* Begin XCVersionGroup section */
		6B9A927324E8BF7C00FD2926 /* ReallySimpleNotesData.xcdatamodeld */ = {
			isa = XCVersionGroup;
			children = (
				6B9A927424E8BF7C00FD2926 /* ReallySimpleNotesData.xcdatamodel */,
			);
			currentVersion = 6B9A927424E8BF7C00FD2926 /* ReallySimpleNotesData.xcdatamodel */;
			name = ReallySimpleNotesData.xcdatamodeld;
			path = "../../../../../Downloads/UPDATED MOOD PAGE/rsnt-really-simple-note-taking-ios/CoreDataModel/ReallySimpleNotesData.xcdatamodeld";
			sourceTree = "<group>";
			versionGroupType = wrapper.xcdatamodel;
		};
/* End XCVersionGroup section */
	};
	rootObject = 6B45319C24E760E2003EFB82 /* Project object */;
}
